<?xml version="1.0" encoding="utf-8"?>
<Project ToolsVersion="4.0" xmlns="http://schemas.microsoft.com/developer/msbuild/2003">
  <ItemGroup>
    <Filter Include="Source Files">
      <UniqueIdentifier>{4FC737F1-C7A5-4376-A066-2A32D752A2FF}</UniqueIdentifier>
      <Extensions>cpp;c;cc;cxx;c++;cppm;ixx;def;odl;idl;hpj;bat;asm;asmx</Extensions>
    </Filter>
    <Filter Include="Header Files">
      <UniqueIdentifier>{93995380-89BD-4b04-88EB-625FBE52EBFB}</UniqueIdentifier>
      <Extensions>h;hh;hpp;hxx;h++;hm;inl;inc;ipp;xsd</Extensions>
    </Filter>
    <Filter Include="Resource Files">
      <UniqueIdentifier>{67DA6AB6-F800-4c08-8B7A-83BB121AAD01}</UniqueIdentifier>
      <Extensions>rc;ico;cur;bmp;dlg;rc2;rct;bin;rgs;gif;jpg;jpeg;jpe;resx;tiff;tif;png;wav;mfcribbon-ms</Extensions>
    </Filter>
    <Filter Include="Header Files\Engine">
      <UniqueIdentifier>{22c9c45a-1f69-43d4-9580-2ca4b19b6415}</UniqueIdentifier>
    </Filter>
    <Filter Include="Source Files\Engine">
      <UniqueIdentifier>{0aec18fe-d2d6-4370-aa37-cb274697ad68}</UniqueIdentifier>
    </Filter>
    <Filter Include="Source Files\Engine\Input">
      <UniqueIdentifier>{0e40f284-2c78-4218-8c05-53337e56ee55}</UniqueIdentifier>
    </Filter>
    <Filter Include="Header Files\Engine\Input">
      <UniqueIdentifier>{7e58c777-e206-4923-b1d7-9adec2866ba7}</UniqueIdentifier>
    </Filter>
    <Filter Include="Shaders">
      <UniqueIdentifier>{3a24a827-2752-42df-b07a-a9097d9f3f5b}</UniqueIdentifier>
    </Filter>
    <Filter Include="Header Files\Engine\Maths">
      <UniqueIdentifier>{409040cd-7390-45de-bc35-75405c18ead2}</UniqueIdentifier>
    </Filter>
    <Filter Include="Source Files\Engine\Maths">
      <UniqueIdentifier>{48f540c7-1d1d-4487-91a0-853e9384136d}</UniqueIdentifier>
    </Filter>
    <Filter Include="Header Files\Engine\Graphics">
      <UniqueIdentifier>{25e2f463-71c6-441b-8846-3bf68697894b}</UniqueIdentifier>
    </Filter>
    <Filter Include="Source Files\Engine\Graphics">
      <UniqueIdentifier>{e6f85245-46b3-4ddf-a3a1-d613048f041e}</UniqueIdentifier>
    </Filter>
    <Filter Include="Header Files\Engine\Graphics\Components">
      <UniqueIdentifier>{ab39c216-8056-45d8-ad47-2891ff0f2d9e}</UniqueIdentifier>
    </Filter>
    <Filter Include="Source Files\Engine\Graphics\Components">
      <UniqueIdentifier>{8fcc298f-9904-4605-aca2-a5743c12eb1c}</UniqueIdentifier>
    </Filter>
    <Filter Include="Header Files\Engine\GameObjects">
      <UniqueIdentifier>{ea8b1e77-7f43-44ae-93f4-5896047211c1}</UniqueIdentifier>
    </Filter>
    <Filter Include="Source Files\Engine\GameObjects">
      <UniqueIdentifier>{e63bad13-6e6e-4b88-880a-1d3f4c6fb317}</UniqueIdentifier>
    </Filter>
    <Filter Include="Header Files\Engine\GameComponents">
      <UniqueIdentifier>{ef5f0db8-482b-481d-84ac-89c5858fc0f1}</UniqueIdentifier>
    </Filter>
    <Filter Include="Source Files\Engine\GameComponents">
      <UniqueIdentifier>{2075c090-6729-46a2-a74c-10230f124011}</UniqueIdentifier>
    </Filter>
  </ItemGroup>
  <ItemGroup>
    <ClCompile Include="WinMain.cpp">
      <Filter>Source Files</Filter>
    </ClCompile>
    <ClCompile Include="Keyboard.cpp">
      <Filter>Source Files\Engine\Input</Filter>
    </ClCompile>
    <ClCompile Include="Mouse.cpp">
      <Filter>Source Files\Engine\Input</Filter>
    </ClCompile>
    <ClCompile Include="App.cpp">
      <Filter>Source Files\Engine</Filter>
    </ClCompile>
    <ClCompile Include="GameTime.cpp">
      <Filter>Source Files\Engine</Filter>
    </ClCompile>
    <ClCompile Include="Colour.cpp">
      <Filter>Source Files\Engine</Filter>
    </ClCompile>
    <ClCompile Include="Renderer.cpp">
      <Filter>Source Files\Engine\Graphics</Filter>
    </ClCompile>
    <ClCompile Include="Window.cpp">
      <Filter>Source Files\Engine\Graphics</Filter>
    </ClCompile>
    <ClCompile Include="Vector3.cpp">
      <Filter>Source Files\Engine\Maths</Filter>
    </ClCompile>
    <ClCompile Include="VertexBuffer.cpp">
      <Filter>Source Files\Engine\Graphics\Components</Filter>
    </ClCompile>
    <ClCompile Include="TriangleBuffer.cpp">
      <Filter>Source Files\Engine\Graphics\Components</Filter>
    </ClCompile>
    <ClCompile Include="InputLayout.cpp">
      <Filter>Source Files\Engine\Graphics\Components</Filter>
    </ClCompile>
    <ClCompile Include="PixelShader.cpp">
      <Filter>Source Files\Engine\Graphics\Components</Filter>
    </ClCompile>
    <ClCompile Include="VertexShader.cpp">
      <Filter>Source Files\Engine\Graphics\Components</Filter>
    </ClCompile>
    <ClCompile Include="ConstantBuffer.cpp">
      <Filter>Source Files\Engine\Graphics\Components</Filter>
    </ClCompile>
    <ClCompile Include="GameObject.cpp">
      <Filter>Source Files\Engine\GameObjects</Filter>
    </ClCompile>
    <ClCompile Include="GameComponent.cpp">
      <Filter>Source Files\Engine\GameComponents</Filter>
    </ClCompile>
    <ClCompile Include="Mesh.cpp">
      <Filter>Source Files\Engine\GameComponents</Filter>
    </ClCompile>
  </ItemGroup>
  <ItemGroup>
    <ClInclude Include="Keyboard.h">
      <Filter>Header Files\Engine\Input</Filter>
    </ClInclude>
    <ClInclude Include="Mouse.h">
      <Filter>Header Files\Engine\Input</Filter>
    </ClInclude>
    <ClInclude Include="App.h">
      <Filter>Header Files\Engine</Filter>
    </ClInclude>
    <ClInclude Include="GameTime.h">
      <Filter>Header Files\Engine</Filter>
    </ClInclude>
    <ClInclude Include="GameSettings.h">
      <Filter>Header Files\Engine</Filter>
    </ClInclude>
    <ClInclude Include="Colour.h">
      <Filter>Header Files\Engine</Filter>
    </ClInclude>
    <ClInclude Include="Renderer.h">
      <Filter>Header Files\Engine\Graphics</Filter>
    </ClInclude>
    <ClInclude Include="Window.h">
      <Filter>Header Files\Engine\Graphics</Filter>
    </ClInclude>
    <ClInclude Include="Vector3.h">
      <Filter>Header Files\Engine\Maths</Filter>
    </ClInclude>
    <ClInclude Include="GraphicsComponent.h">
      <Filter>Header Files\Engine\Graphics\Components</Filter>
    </ClInclude>
    <ClInclude Include="VertexBuffer.h">
      <Filter>Header Files\Engine\Graphics\Components</Filter>
    </ClInclude>
    <ClInclude Include="TriangleBuffer.h">
      <Filter>Header Files\Engine\Graphics\Components</Filter>
    </ClInclude>
    <ClInclude Include="InputLayout.h">
      <Filter>Header Files\Engine\Graphics\Components</Filter>
    </ClInclude>
    <ClInclude Include="GraphicsComponents.h">
      <Filter>Header Files\Engine\Graphics\Components</Filter>
    </ClInclude>
    <ClInclude Include="PixelShader.h">
      <Filter>Header Files\Engine\Graphics\Components</Filter>
    </ClInclude>
    <ClInclude Include="VertexShader.h">
      <Filter>Header Files\Engine\Graphics\Components</Filter>
    </ClInclude>
    <ClInclude Include="ConstantBuffer.h">
      <Filter>Header Files\Engine\Graphics\Components</Filter>
    </ClInclude>
    <ClInclude Include="GameObject.h">
      <Filter>Header Files\Engine\GameObjects</Filter>
    </ClInclude>
    <ClInclude Include="GameComponent.h">
      <Filter>Header Files\Engine\GameComponents</Filter>
    </ClInclude>
    <ClInclude Include="Mesh.h">
      <Filter>Header Files\Engine\GameComponents</Filter>
    </ClInclude>
    <ClInclude Include="SharedComponent.h">
      <Filter>Header Files\Engine\Graphics\Components</Filter>
    </ClInclude>
  </ItemGroup>
  <ItemGroup>
    <FxCompile Include="VertexShader.hlsl">
      <Filter>Shaders</Filter>
    </FxCompile>
    <FxCompile Include="PixelShader.hlsl">
      <Filter>Shaders</Filter>
    </FxCompile>
  </ItemGroup>
</Project>